Microsoft Visual Studio Solution File, Format Version 12.00
# Visual Studio Version 17
VisualStudioVersion = 17.0.0.0
MinimumVisualStudioVersion = 17.0.0.0
Project("{9A19103F-16F7-4668-BE54-9A1E7A4F7556}") = "Graduaatsproef", "Graduaatsproef\Graduaatsproef.csproj", "{6FCE4685-33A4-4A99-899A-971990C936B1}"
EndProject
Project("{A07B5EB6-E848-4116-A8D0-A826331D98C6}") = "Eywa.Fabric.Panopticon", "Eywa.Fabric.Panopticon\Eywa.Fabric.Panopticon.sfproj", "{8F3C97D3-2BC5-4CE9-910B-105893AC2E14}"
EndProject
Project("{2150E333-8FDC-42A3-9474-1A3956D46DE8}") = "Dependencies", "Dependencies", "{D1F9639F-F758-46C3-9E0E-32D61A44C8A8}"
EndProject
Project("{FAE04EC0-301F-11D3-BF4B-00C04F79EFBC}") = "Eywa.HealthMonitor.Contracts", "Eywa.HealthMonitor.Contracts\Eywa.HealthMonitor.Contracts.csproj", "{B8A33429-BF1B-14E1-8EA0-B233B875A150}"
EndProject
Global
	GlobalSection(SolutionConfigurationPlatforms) = preSolution
		Debug|Any CPU = Debug|Any CPU
		Debug|x64 = Debug|x64
		DebugNoFabric|Any CPU = DebugNoFabric|Any CPU
		DebugNoFabric|x64 = DebugNoFabric|x64
		Release|Any CPU = Release|Any CPU
		Release|x64 = Release|x64
	EndGlobalSection
	GlobalSection(ProjectConfigurationPlatforms) = postSolution
		{6FCE4685-33A4-4A99-899A-971990C936B1}.Debug|Any CPU.ActiveCfg = Debug|Any CPU
		{6FCE4685-33A4-4A99-899A-971990C936B1}.Debug|Any CPU.Build.0 = Debug|Any CPU
		{6FCE4685-33A4-4A99-899A-971990C936B1}.Debug|x64.ActiveCfg = Debug|Any CPU
		{6FCE4685-33A4-4A99-899A-971990C936B1}.Debug|x64.Build.0 = Debug|Any CPU
		{6FCE4685-33A4-4A99-899A-971990C936B1}.DebugNoFabric|Any CPU.ActiveCfg = DebugNoFabric|Any CPU
		{6FCE4685-33A4-4A99-899A-971990C936B1}.DebugNoFabric|Any CPU.Build.0 = DebugNoFabric|Any CPU
		{6FCE4685-33A4-4A99-899A-971990C936B1}.DebugNoFabric|x64.ActiveCfg = DebugNoFabric|Any CPU
		{6FCE4685-33A4-4A99-899A-971990C936B1}.DebugNoFabric|x64.Build.0 = DebugNoFabric|Any CPU
		{6FCE4685-33A4-4A99-899A-971990C936B1}.Release|Any CPU.ActiveCfg = Release|Any CPU
		{6FCE4685-33A4-4A99-899A-971990C936B1}.Release|Any CPU.Build.0 = Release|Any CPU
		{6FCE4685-33A4-4A99-899A-971990C936B1}.Release|x64.ActiveCfg = Release|Any CPU
		{6FCE4685-33A4-4A99-899A-971990C936B1}.Release|x64.Build.0 = Release|Any CPU
		{8F3C97D3-2BC5-4CE9-910B-105893AC2E14}.Debug|Any CPU.ActiveCfg = Debug|x64
		{8F3C97D3-2BC5-4CE9-910B-105893AC2E14}.Debug|Any CPU.Build.0 = Debug|x64
		{8F3C97D3-2BC5-4CE9-910B-105893AC2E14}.Debug|Any CPU.Deploy.0 = Debug|x64
		{8F3C97D3-2BC5-4CE9-910B-105893AC2E14}.Debug|x64.ActiveCfg = Debug|x64
		{8F3C97D3-2BC5-4CE9-910B-105893AC2E14}.Debug|x64.Build.0 = Debug|x64
		{8F3C97D3-2BC5-4CE9-910B-105893AC2E14}.Debug|x64.Deploy.0 = Debug|x64
		{8F3C97D3-2BC5-4CE9-910B-105893AC2E14}.DebugNoFabric|Any CPU.ActiveCfg = Debug|x64
		{8F3C97D3-2BC5-4CE9-910B-105893AC2E14}.DebugNoFabric|x64.ActiveCfg = Debug|x64
		{8F3C97D3-2BC5-4CE9-910B-105893AC2E14}.DebugNoFabric|x64.Build.0 = Debug|x64
		{8F3C97D3-2BC5-4CE9-910B-105893AC2E14}.DebugNoFabric|x64.Deploy.0 = Debug|x64
		{8F3C97D3-2BC5-4CE9-910B-105893AC2E14}.Release|Any CPU.ActiveCfg = Release|x64
		{8F3C97D3-2BC5-4CE9-910B-105893AC2E14}.Release|Any CPU.Build.0 = Release|x64
		{8F3C97D3-2BC5-4CE9-910B-105893AC2E14}.Release|Any CPU.Deploy.0 = Release|x64
		{8F3C97D3-2BC5-4CE9-910B-105893AC2E14}.Release|x64.ActiveCfg = Release|x64
		{8F3C97D3-2BC5-4CE9-910B-105893AC2E14}.Release|x64.Build.0 = Release|x64
		{8F3C97D3-2BC5-4CE9-910B-105893AC2E14}.Release|x64.Deploy.0 = Release|x64
		{B8A33429-BF1B-14E1-8EA0-B233B875A150}.Debug|Any CPU.ActiveCfg = Debug|Any CPU
		{B8A33429-BF1B-14E1-8EA0-B233B875A150}.Debug|Any CPU.Build.0 = Debug|Any CPU
		{B8A33429-BF1B-14E1-8EA0-B233B875A150}.Debug|x64.ActiveCfg = Debug|Any CPU
		{B8A33429-BF1B-14E1-8EA0-B233B875A150}.Debug|x64.Build.0 = Debug|Any CPU
		{B8A33429-BF1B-14E1-8EA0-B233B875A150}.DebugNoFabric|Any CPU.ActiveCfg = Debug|Any CPU
		{B8A33429-BF1B-14E1-8EA0-B233B875A150}.DebugNoFabric|Any CPU.Build.0 = Debug|Any CPU
		{B8A33429-BF1B-14E1-8EA0-B233B875A150}.DebugNoFabric|x64.ActiveCfg = Debug|Any CPU
		{B8A33429-BF1B-14E1-8EA0-B233B875A150}.DebugNoFabric|x64.Build.0 = Debug|Any CPU
		{B8A33429-BF1B-14E1-8EA0-B233B875A150}.Release|Any CPU.ActiveCfg = Release|Any CPU
		{B8A33429-BF1B-14E1-8EA0-B233B875A150}.Release|Any CPU.Build.0 = Release|Any CPU
		{B8A33429-BF1B-14E1-8EA0-B233B875A150}.Release|x64.ActiveCfg = Release|Any CPU
		{B8A33429-BF1B-14E1-8EA0-B233B875A150}.Release|x64.Build.0 = Release|Any CPU
	EndGlobalSection
	GlobalSection(SolutionProperties) = preSolution
		HideSolutionNode = FALSE
	EndGlobalSection
	GlobalSection(NestedProjects) = preSolution
		{B8A33429-BF1B-14E1-8EA0-B233B875A150} = {D1F9639F-F758-46C3-9E0E-32D61A44C8A8}
	EndGlobalSection
	GlobalSection(ExtensibilityGlobals) = postSolution
		SolutionGuid = {AD782635-A040-4B9A-A78A-18642206658A}
	EndGlobalSection
EndGlobal
